// !$*UTF8*$!
{
	archiveVersion = 1;
	classes = {
	};
	objectVersion = 46;
	objects = {

/* Begin PBXBuildFile section */
		432C92BF1E22953800D622D8 /* AppDelegate.swift in Sources */ = {isa = PBXBuildFile; fileRef = 432C92BE1E22953800D622D8 /* AppDelegate.swift */; };
		432C92C11E22953800D622D8 /* ViewController.swift in Sources */ = {isa = PBXBuildFile; fileRef = 432C92C01E22953800D622D8 /* ViewController.swift */; };
		432C92C41E22953800D622D8 /* Main.storyboard in Resources */ = {isa = PBXBuildFile; fileRef = 432C92C21E22953800D622D8 /* Main.storyboard */; };
		432C92C61E22953800D622D8 /* Assets.xcassets in Resources */ = {isa = PBXBuildFile; fileRef = 432C92C51E22953800D622D8 /* Assets.xcassets */; };
		432C92C91E22953800D622D8 /* LaunchScreen.storyboard in Resources */ = {isa = PBXBuildFile; fileRef = 432C92C71E22953800D622D8 /* LaunchScreen.storyboard */; };
/* End PBXBuildFile section */

/* Begin PBXFileReference section */
		432C92BB1E22953800D622D8 /* FBLoginTest.app */ = {isa = PBXFileReference; explicitFileType = wrapper.application; includeInIndex = 0; path = FBLoginTest.app; sourceTree = BUILT_PRODUCTS_DIR; };
		432C92BE1E22953800D622D8 /* AppDelegate.swift */ = {isa = PBXFileReference; lastKnownFileType = sourcecode.swift; path = AppDelegate.swift; sourceTree = "<group>"; };
		432C92C01E22953800D622D8 /* ViewController.swift */ = {isa = PBXFileReference; lastKnownFileType = sourcecode.swift; path = ViewController.swift; sourceTree = "<group>"; };
		432C92C31E22953800D622D8 /* Base */ = {isa = PBXFileReference; lastKnownFileType = file.storyboard; name = Base; path = Base.lproj/Main.storyboard; sourceTree = "<group>"; };
		432C92C51E22953800D622D8 /* Assets.xcassets */ = {isa = PBXFileReference; lastKnownFileType = folder.assetcatalog; path = Assets.xcassets; sourceTree = "<group>"; };
		432C92C81E22953800D622D8 /* Base */ = {isa = PBXFileReference; lastKnownFileType = file.storyboard; name = Base; path = Base.lproj/LaunchScreen.storyboard; sourceTree = "<group>"; };
		432C92CA1E22953800D622D8 /* Info.plist */ = {isa = PBXFileReference; lastKnownFileType = text.plist.xml; path = Info.plist; sourceTree = "<group>"; };
/* End PBXFileReference section */

/* Begin PBXFrameworksBuildPhase section */
		432C92B81E22953800D622D8 /* Frameworks */ = {
			isa = PBXFrameworksBuildPhase;
			buildActionMask = 2147483647;
			files = (
			);
			runOnlyForDeploymentPostprocessing = 0;
		};
/* End PBXFrameworksBuildPhase section */

/* Begin PBXGroup section */
		432C92B21E22953800D622D8 = {
			isa = PBXGroup;
			children = (
				432C92BD1E22953800D622D8 /* FBLoginTest */,
				432C92BC1E22953800D622D8 /* Products */,
			);
			sourceTree = "<group>";
		};
		432C92BC1E22953800D622D8 /* Products */ = {
			isa = PBXGroup;
			children = (
				432C92BB1E22953800D622D8 /* FBLoginTest.app */,
			);
			name = Products;
			sourceTree = "<group>";
		};
		432C92BD1E22953800D622D8 /* FBLoginTest */ = {
			isa = PBXGroup;
			children = (
				432C92BE1E22953800D622D8 /* AppDelegate.swift */,
				432C92C01E22953800D622D8 /* ViewController.swift */,
				432C92C21E22953800D622D8 /* Main.storyboard */,
				432C92C51E22953800D622D8 /* Assets.xcassets */,
				432C92C71E22953800D622D8 /* LaunchScreen.storyboard */,
				432C92CA1E22953800D622D8 /* Info.plist */,
			);
			path = FBLoginTest;
			sourceTree = "<group>";
		};
/* End PBXGroup section */

/* Begin PBXNativeTarget section */
		432C92BA1E22953800D622D8 /* FBLoginTest */ = {
			isa = PBXNativeTarget;
			buildConfigurationList = 432C92CD1E22953800D622D8 /* Build configuration list for PBXNativeTarget "FBLoginTest" */;
			buildPhases = (
				432C92B71E22953800D622D8 /* Sources */,
				432C92B81E22953800D622D8 /* Frameworks */,
				432C92B91E22953800D622D8 /* Resources */,
			);
			buildRules = (
			);
			dependencies = (
			);
			name = FBLoginTest;
			productName = FBLoginTest;
			productReference = 432C92BB1E22953800D622D8 /* FBLoginTest.app */;
			productType = "com.apple.product-type.application";
		};
/* End PBXNativeTarget section */

/* Begin PBXProject section */
		432C92B31E22953800D622D8 /* Project object */ = {
			isa = PBXProject;
			attributes = {
				LastSwiftUpdateCheck = 0810;
				LastUpgradeCheck = 0810;
				ORGANIZATIONNAME = "MKHG Lab";
				TargetAttributes = {
					432C92BA1E22953800D622D8 = {
						CreatedOnToolsVersion = 8.1;
						ProvisioningStyle = Automatic;
					};
				};
			};
			buildConfigurationList = 432C92B61E22953800D622D8 /* Build configuration list for PBXProject "FBLoginTest" */;
			compatibilityVersion = "Xcode 3.2";
			developmentRegion = English;
			hasScannedForEncodings = 0;
			knownRegions = (
				en,
				Base,
			);
			mainGroup = 432C92B21E22953800D622D8;
			productRefGroup = 432C92BC1E22953800D622D8 /* Products */;
			projectDirPath = "";
			projectRoot = "";
			targets = (
				432C92BA1E22953800D622D8 /* FBLoginTest */,
			);
		};
/* End PBXProject section */

/* Begin PBXResourcesBuildPhase section */
		432C92B91E22953800D622D8 /* Resources */ = {
			isa = PBXResourcesBuildPhase;
			buildActionMask = 2147483647;
			files = (
				432C92C91E22953800D622D8 /* LaunchScreen.storyboard in Resources */,
				432C92C61E22953800D622D8 /* Assets.xcassets in Resources */,
				432C92C41E22953800D622D8 /* Main.storyboard in Resources */,
			);
			runOnlyForDeploymentPostprocessing = 0;
		};
/* End PBXResourcesBuildPhase section */

/* Begin PBXSourcesBuildPhase section */
		432C92B71E22953800D622D8 /* Sources */ = {
			isa = PBXSourcesBuildPhase;
			buildActionMask = 2147483647;
			files = (
				432C92C11E22953800D622D8 /* ViewController.swift in Sources */,
				432C92BF1E22953800D622D8 /* AppDelegate.swift in Sources */,
			);
			runOnlyForDeploymentPostprocessing = 0;
		};
/* End PBXSourcesBuildPhase section */

/* Begin PBXVariantGroup section */
		432C92C21E22953800D622D8 /* Main.storyboard */ = {
			isa = PBXVariantGroup;
			children = (
				432C92C31E22953800D622D8 /* Base */,
			);
			name = Main.storyboard;
			sourceTree = "<group>";
		};
		432C92C71E22953800D622D8 /* LaunchScreen.storyboard */ = {
			isa = PBXVariantGroup;
			children = (
				432C92C81E22953800D622D8 /* Base */,
			);
			name = LaunchScreen.storyboard;
			sourceTree = "<group>";
		};
/* End PBXVariantGroup section */

/* Begin XCBuildConfiguration section */
		432C92CB1E22953800D622D8 /* Debug */ = {
			isa = XCBuildConfiguration;
			buildSettings = {
				ALWAYS_SEARCH_USER_PATHS = NO;
				CLANG_ANALYZER_NONNULL = YES;
				CLANG_CXX_LANGUAGE_STANDARD = "gnu++0x";
				CLANG_CXX_LIBRARY = "libc++";
				CLANG_ENABLE_MODULES = YES;
				CLANG_ENABLE_OBJC_ARC = YES;
				CLANG_WARN_BOOL_CONVERSION = YES;
				CLANG_WARN_CONSTANT_CONVERSION = YES;
				CLANG_WARN_DIRECT_OBJC_ISA_USAGE = YES_ERROR;
				CLANG_WARN_DOCUMENTATION_COMMENTS = YES;
				CLANG_WARN_EMPTY_BODY = YES;
				CLANG_WARN_ENUM_CONVERSION = YES;
				CLANG_WARN_INFINITE_RECURSION = YES;
				CLANG_WARN_INT_CONVERSION = YES;
				CLANG_WARN_OBJC_ROOT_CLASS = YES_ERROR;
				CLANG_WARN_SUSPICIOUS_MOVES = YES;
				CLANG_WARN_UNREACHABLE_CODE = YES;
				CLANG_WARN__DUPLICATE_METHOD_MATCH = YES;
				"CODE_SIGN_IDENTITY[sdk=iphoneos*]" = "iPhone Developer";
				COPY_PHASE_STRIP = NO;
				DEBUG_INFORMATION_FORMAT = dwarf;
				ENABLE_STRICT_OBJC_MSGSEND = YES;
				ENABLE_TESTABILITY = YES;
				GCC_C_LANGUAGE_STANDARD = gnu99;
				GCC_DYNAMIC_NO_PIC = NO;
				GCC_NO_COMMON_BLOCKS = YES;
				GCC_OPTIMIZATION_LEVEL = 0;
				GCC_PREPROCESSOR_DEFINITIONS = (
					"DEBUG=1",
					"$(inherited)",
				);
				GCC_WARN_64_TO_32_BIT_CONVERSION = YES;
				GCC_WARN_ABOUT_RETURN_TYPE = YES_ERROR;
				GCC_WARN_UNDECLARED_SELECTOR = YES;
				GCC_WARN_UNINITIALIZED_AUTOS = YES_AGGRESSIVE;
				GCC_WARN_UNUSED_FUNCTION = YES;
				GCC_WARN_UNUSED_VARIABLE = YES;
				IPHONEOS_DEPLOYMENT_TARGET = 10.1;
				MTL_ENABLE_DEBUG_INFO = YES;
				ONLY_ACTIVE_ARCH = YES;
				SDKROOT = iphoneos;
				SWIFT_ACTIVE_COMPILATION_CONDITIONS = DEBUG;
				SWIFT_OPTIMIZATION_LEVEL = "-Onone";
				TARGETED_DEVICE_FAMILY = "1,2";
			};
			name = Debug;
		};
		432C92CC1E22953800D622D8 /* Release */ = {
			isa = XCBuildConfiguration;
			buildSettings = {
				ALWAYS_SEARCH_USER_PATHS = NO;
				CLANG_ANALYZER_NONNULL = YES;
				CLANG_CXX_LANGUAGE_STANDARD = "gnu++0x";
				CLANG_CXX_LIBRARY = "libc++";
				CLANG_ENABLE_MODULES = YES;
				CLANG_ENABLE_OBJC_ARC = YES;
				CLANG_WARN_BOOL_CONVERSION = YES;
				CLANG_WARN_CONSTANT_CONVERSION = YES;
				CLANG_WARN_DIRECT_OBJC_ISA_USAGE = YES_ERROR;
				CLANG_WARN_DOCUMENTATION_COMMENTS = YES;
				CLANG_WARN_EMPTY_BODY = YES;
				CLANG_WARN_ENUM_CONVERSION = YES;
				CLANG_WARN_INFINITE_RECURSION = YES;
				CLANG_WARN_INT_CONVERSION = YES;
				CLANG_WARN_OBJC_ROOT_CLASS = YES_ERROR;
				CLANG_WARN_SUSPICIOUS_MOVES = YES;
				CLANG_WARN_UNREACHABLE_CODE = YES;
				CLANG_WARN__DUPLICATE_METHOD_MATCH = YES;
				"CODE_SIGN_IDENTITY[sdk=iphoneos*]" = "iPhone Developer";
				COPY_PHASE_STRIP = NO;
				DEBUG_INFORMATION_FORMAT = "dwarf-with-dsym";
				ENABLE_NS_ASSERTIONS = NO;
				ENABLE_STRICT_OBJC_MSGSEND = YES;
				GCC_C_LANGUAGE_STANDARD = gnu99;
				GCC_NO_COMMON_BLOCKS = YES;
				GCC_WARN_64_TO_32_BIT_CONVERSION = YES;
				GCC_WARN_ABOUT_RETURN_TYPE = YES_ERROR;
				GCC_WARN_UNDECLARED_SELECTOR = YES;
				GCC_WARN_UNINITIALIZED_AUTOS = YES_AGGRESSIVE;
				GCC_WARN_UNUSED_FUNCTION = YES;
				GCC_WARN_UNUSED_VARIABLE = YES;
				IPHONEOS_DEPLOYMENT_TARGET = 10.1;
				MTL_ENABLE_DEBUG_INFO = NO;
				SDKROOT = iphoneos;
				SWIFT_OPTIMIZATION_LEVEL = "-Owholemodule";
				TARGETED_DEVICE_FAMILY = "1,2";
				VALIDATE_PRODUCT = YES;
			};
			name = Release;
		};
		432C92CE1E22953800D622D8 /* Debug */ = {
			isa = XCBuildConfiguration;
			buildSettings = {
				ASSETCATALOG_COMPILER_APPICON_NAME = AppIcon;
				INFOPLIST_FILE = FBLoginTest/Info.plist;
				LD_RUNPATH_SEARCH_PATHS = "$(inherited) @executable_path/Frameworks";
				PRODUCT_BUNDLE_IDENTIFIER = mkhglab.FBLoginTest;
				PRODUCT_NAME = "$(TARGET_NAME)";
				SWIFT_VERSION = 3.0;
			};
			name = Debug;
		};
		432C92CF1E22953800D622D8 /* Release */ = {
			isa = XCBuildConfiguration;
			buildSettings = {
				ASSETCATALOG_COMPILER_APPICON_NAME = AppIcon;
				INFOPLIST_FILE = FBLoginTest/Info.plist;
				LD_RUNPATH_SEARCH_PATHS = "$(inherited) @executable_path/Frameworks";
				PRODUCT_BUNDLE_IDENTIFIER = mkhglab.FBLoginTest;
				PRODUCT_NAME = "$(TARGET_NAME)";
				SWIFT_VERSION = 3.0;
			};
			name = Release;
		};
/* End XCBuildConfiguration section */

/* Begin XCConfigurationList section */
		432C92B61E22953800D622D8 /* Build configuration list for PBXProject "FBLoginTest" */ = {
			isa = XCConfigurationList;
			buildConfigurations = (
				432C92CB1E22953800D622D8 /* Debug */,
				432C92CC1E22953800D622D8 /* Release */,
			);
			defaultConfigurationIsVisible = 0;
			defaultConfigurationName = Release;
		};
		432C92CD1E22953800D622D8 /* Build configuration list for PBXNativeTarget "FBLoginTest" */ = {
			isa = XCConfigurationList;
			buildConfigurations = (
				432C92CE1E22953800D622D8 /* Debug */,
				432C92CF1E22953800D622D8 /* Release */,
			);
			defaultConfigurationIsVisible = 0;
		};
/* End XCConfigurationList section */
	};
	rootObject = 432C92B31E22953800D622D8 /* Project object */;
}
